<Solution>
  <Project Path="Arreglos/Arreglos.csproj" />
  <Project Path="CursoCSharp2/CursoCSharp2.csproj" />
  <Project Path="SentenciasDeControl/SentenciasDeControl.csproj" />
  <Project Path="SentenciaSwitch/SentenciaSwitch.csproj" />
  <Project Path="WhileConcepto/WhileConcepto.csproj" />
</Solution>
